// !$*UTF8*$!
{
	archiveVersion = 1;
	classes = {
	};
	objectVersion = 48;
	objects = {

/* Begin PBXBuildFile section */
		BF748EBC2080233200F2C5AC /* AppDelegate.swift in Sources */ = {isa = PBXBuildFile; fileRef = BF748EBB2080233200F2C5AC /* AppDelegate.swift */; };
		BF748EC32080233200F2C5AC /* Assets.xcassets in Resources */ = {isa = PBXBuildFile; fileRef = BF748EC22080233200F2C5AC /* Assets.xcassets */; };
		BF748ED5208028FE00F2C5AC /* Main.storyboard in Resources */ = {isa = PBXBuildFile; fileRef = BF748ED2208028FE00F2C5AC /* Main.storyboard */; };
		BF748ED720802A0300F2C5AC /* HashTagChartViewController.swift in Sources */ = {isa = PBXBuildFile; fileRef = BF748ED620802A0300F2C5AC /* HashTagChartViewController.swift */; };
		BF748ED92080356000F2C5AC /* ChartTableViewCell.swift in Sources */ = {isa = PBXBuildFile; fileRef = BF748ED82080356000F2C5AC /* ChartTableViewCell.swift */; };
		BF748EDC208039D000F2C5AC /* LaunchScreen.storyboard in Resources */ = {isa = PBXBuildFile; fileRef = BF748EDA208039D000F2C5AC /* LaunchScreen.storyboard */; };
		BF748EEF20817A5C00F2C5AC /* AAHighchartsLib.js in Resources */ = {isa = PBXBuildFile; fileRef = BF748EE420817A5C00F2C5AC /* AAHighchartsLib.js */; };
		BF748EF020817A5C00F2C5AC /* AAHighchartsMore.js in Resources */ = {isa = PBXBuildFile; fileRef = BF748EE520817A5C00F2C5AC /* AAHighchartsMore.js */; };
		BF748EF120817A5C00F2C5AC /* AAOptionsConstructor.js in Resources */ = {isa = PBXBuildFile; fileRef = BF748EE620817A5C00F2C5AC /* AAOptionsConstructor.js */; };
		BF748EF220817A5C00F2C5AC /* AAFunnel.js in Resources */ = {isa = PBXBuildFile; fileRef = BF748EE720817A5C00F2C5AC /* AAFunnel.js */; };
		BF748EF320817A5C00F2C5AC /* AAHighcharts-3d.js in Resources */ = {isa = PBXBuildFile; fileRef = BF748EE820817A5C00F2C5AC /* AAHighcharts-3d.js */; };
		BF748EF420817A5C00F2C5AC /* AAChartView.html in Resources */ = {isa = PBXBuildFile; fileRef = BF748EE920817A5C00F2C5AC /* AAChartView.html */; };
		BF748EF520817A5C00F2C5AC /* AAChartView.swift in Sources */ = {isa = PBXBuildFile; fileRef = BF748EEB20817A5C00F2C5AC /* AAChartView.swift */; };
		BF748EF620817A5C00F2C5AC /* AAChartModel.swift in Sources */ = {isa = PBXBuildFile; fileRef = BF748EEC20817A5C00F2C5AC /* AAChartModel.swift */; };
		BF748EF720817A5C00F2C5AC /* AASerializable.swift in Sources */ = {isa = PBXBuildFile; fileRef = BF748EED20817A5C00F2C5AC /* AASerializable.swift */; };
		BF748EF820817A5C00F2C5AC /* AASeriesElement.swift in Sources */ = {isa = PBXBuildFile; fileRef = BF748EEE20817A5C00F2C5AC /* AASeriesElement.swift */; };
		BF748EFA20817EB800F2C5AC /* ReadCSV.swift in Sources */ = {isa = PBXBuildFile; fileRef = BF748EF920817EB800F2C5AC /* ReadCSV.swift */; };
		BF748EFD2081844000F2C5AC /* mobilephoto.csv in Resources */ = {isa = PBXBuildFile; fileRef = BF748EFC2081844000F2C5AC /* mobilephoto.csv */; };
		BF7C25102081C7D400F4C902 /* webdevelopment.csv in Resources */ = {isa = PBXBuildFile; fileRef = BF7C250F2081C7D400F4C902 /* webdevelopment.csv */; };
		BF7C25122081C87800F4C902 /* webdesigner.csv in Resources */ = {isa = PBXBuildFile; fileRef = BF7C25112081C87800F4C902 /* webdesigner.csv */; };
		BFFF99BB2081BBD9005D3C30 /* developer.csv in Resources */ = {isa = PBXBuildFile; fileRef = BFFF99BA2081BBD9005D3C30 /* developer.csv */; };
		BFFF99BD2081BCD1005D3C30 /* webdeveloper.csv in Resources */ = {isa = PBXBuildFile; fileRef = BFFF99BC2081BCD1005D3C30 /* webdeveloper.csv */; };
/* End PBXBuildFile section */

/* Begin PBXFileReference section */
		BF748EB82080233200F2C5AC /* Pop Tag.app */ = {isa = PBXFileReference; explicitFileType = wrapper.application; includeInIndex = 0; path = "Pop Tag.app"; sourceTree = BUILT_PRODUCTS_DIR; };
		BF748EBB2080233200F2C5AC /* AppDelegate.swift */ = {isa = PBXFileReference; lastKnownFileType = sourcecode.swift; path = AppDelegate.swift; sourceTree = "<group>"; };
		BF748EC22080233200F2C5AC /* Assets.xcassets */ = {isa = PBXFileReference; lastKnownFileType = folder.assetcatalog; path = Assets.xcassets; sourceTree = "<group>"; };
		BF748EC72080233200F2C5AC /* Info.plist */ = {isa = PBXFileReference; lastKnownFileType = text.plist.xml; path = Info.plist; sourceTree = "<group>"; };
		BF748ED3208028FE00F2C5AC /* Base */ = {isa = PBXFileReference; lastKnownFileType = file.storyboard; name = Base; path = Base.lproj/Main.storyboard; sourceTree = "<group>"; };
		BF748ED620802A0300F2C5AC /* HashTagChartViewController.swift */ = {isa = PBXFileReference; lastKnownFileType = sourcecode.swift; path = HashTagChartViewController.swift; sourceTree = "<group>"; };
		BF748ED82080356000F2C5AC /* ChartTableViewCell.swift */ = {isa = PBXFileReference; lastKnownFileType = sourcecode.swift; path = ChartTableViewCell.swift; sourceTree = "<group>"; };
		BF748EDB208039D000F2C5AC /* Base */ = {isa = PBXFileReference; lastKnownFileType = file.storyboard; name = Base; path = Base.lproj/LaunchScreen.storyboard; sourceTree = "<group>"; };
		BF748EE420817A5C00F2C5AC /* AAHighchartsLib.js */ = {isa = PBXFileReference; fileEncoding = 4; lastKnownFileType = sourcecode.javascript; path = AAHighchartsLib.js; sourceTree = "<group>"; };
		BF748EE520817A5C00F2C5AC /* AAHighchartsMore.js */ = {isa = PBXFileReference; fileEncoding = 4; lastKnownFileType = sourcecode.javascript; path = AAHighchartsMore.js; sourceTree = "<group>"; };
		BF748EE620817A5C00F2C5AC /* AAOptionsConstructor.js */ = {isa = PBXFileReference; fileEncoding = 4; lastKnownFileType = sourcecode.javascript; path = AAOptionsConstructor.js; sourceTree = "<group>"; };
		BF748EE720817A5C00F2C5AC /* AAFunnel.js */ = {isa = PBXFileReference; fileEncoding = 4; lastKnownFileType = sourcecode.javascript; path = AAFunnel.js; sourceTree = "<group>"; };
		BF748EE820817A5C00F2C5AC /* AAHighcharts-3d.js */ = {isa = PBXFileReference; fileEncoding = 4; lastKnownFileType = sourcecode.javascript; path = "AAHighcharts-3d.js"; sourceTree = "<group>"; };
		BF748EE920817A5C00F2C5AC /* AAChartView.html */ = {isa = PBXFileReference; fileEncoding = 4; lastKnownFileType = text.html; path = AAChartView.html; sourceTree = "<group>"; };
		BF748EEB20817A5C00F2C5AC /* AAChartView.swift */ = {isa = PBXFileReference; fileEncoding = 4; lastKnownFileType = sourcecode.swift; path = AAChartView.swift; sourceTree = "<group>"; };
		BF748EEC20817A5C00F2C5AC /* AAChartModel.swift */ = {isa = PBXFileReference; fileEncoding = 4; lastKnownFileType = sourcecode.swift; path = AAChartModel.swift; sourceTree = "<group>"; };
		BF748EED20817A5C00F2C5AC /* AASerializable.swift */ = {isa = PBXFileReference; fileEncoding = 4; lastKnownFileType = sourcecode.swift; path = AASerializable.swift; sourceTree = "<group>"; };
		BF748EEE20817A5C00F2C5AC /* AASeriesElement.swift */ = {isa = PBXFileReference; fileEncoding = 4; lastKnownFileType = sourcecode.swift; path = AASeriesElement.swift; sourceTree = "<group>"; };
		BF748EF920817EB800F2C5AC /* ReadCSV.swift */ = {isa = PBXFileReference; lastKnownFileType = sourcecode.swift; path = ReadCSV.swift; sourceTree = "<group>"; };
		BF748EFC2081844000F2C5AC /* mobilephoto.csv */ = {isa = PBXFileReference; fileEncoding = 4; lastKnownFileType = text; path = mobilephoto.csv; sourceTree = "<group>"; };
		BF7C250F2081C7D400F4C902 /* webdevelopment.csv */ = {isa = PBXFileReference; fileEncoding = 4; lastKnownFileType = text; path = webdevelopment.csv; sourceTree = "<group>"; };
		BF7C25112081C87800F4C902 /* webdesigner.csv */ = {isa = PBXFileReference; fileEncoding = 4; lastKnownFileType = text; path = webdesigner.csv; sourceTree = "<group>"; };
		BFFF99BA2081BBD9005D3C30 /* developer.csv */ = {isa = PBXFileReference; fileEncoding = 4; lastKnownFileType = text; path = developer.csv; sourceTree = "<group>"; };
		BFFF99BC2081BCD1005D3C30 /* webdeveloper.csv */ = {isa = PBXFileReference; fileEncoding = 4; lastKnownFileType = text; path = webdeveloper.csv; sourceTree = "<group>"; };
/* End PBXFileReference section */

/* Begin PBXFrameworksBuildPhase section */
		BF748EB52080233200F2C5AC /* Frameworks */ = {
			isa = PBXFrameworksBuildPhase;
			buildActionMask = 2147483647;
			files = (
			);
			runOnlyForDeploymentPostprocessing = 0;
		};
/* End PBXFrameworksBuildPhase section */

/* Begin PBXGroup section */
		BF748EAF2080233200F2C5AC = {
			isa = PBXGroup;
			children = (
				BF748EBA2080233200F2C5AC /* Pop Tag */,
				BF748EB92080233200F2C5AC /* Products */,
			);
			sourceTree = "<group>";
		};
		BF748EB92080233200F2C5AC /* Products */ = {
			isa = PBXGroup;
			children = (
				BF748EB82080233200F2C5AC /* Pop Tag.app */,
			);
			name = Products;
			sourceTree = "<group>";
		};
		BF748EBA2080233200F2C5AC /* Pop Tag */ = {
			isa = PBXGroup;
			children = (
				BF748EFB2081844000F2C5AC /* CSVs */,
				BF748ECF208028FE00F2C5AC /* Storyboards */,
				BF748ECD2080288600F2C5AC /* Controllers */,
				BF748ECE2080288600F2C5AC /* Views */,
				BF748EE120817A2300F2C5AC /* Helpers */,
				BF748EDE20806F8900F2C5AC /* Customs */,
				BF748EDD20806F6400F2C5AC /* Extensions */,
				BF748EE220817A5C00F2C5AC /* AAInfographics */,
				BF748EBB2080233200F2C5AC /* AppDelegate.swift */,
				BF748EC22080233200F2C5AC /* Assets.xcassets */,
				BF748EC72080233200F2C5AC /* Info.plist */,
			);
			path = "Pop Tag";
			sourceTree = "<group>";
		};
		BF748ECD2080288600F2C5AC /* Controllers */ = {
			isa = PBXGroup;
			children = (
				BF748ED620802A0300F2C5AC /* HashTagChartViewController.swift */,
			);
			path = Controllers;
			sourceTree = "<group>";
		};
		BF748ECE2080288600F2C5AC /* Views */ = {
			isa = PBXGroup;
			children = (
				BF748ED82080356000F2C5AC /* ChartTableViewCell.swift */,
			);
			path = Views;
			sourceTree = "<group>";
		};
		BF748ECF208028FE00F2C5AC /* Storyboards */ = {
			isa = PBXGroup;
			children = (
				BF748EDA208039D000F2C5AC /* LaunchScreen.storyboard */,
				BF748ED2208028FE00F2C5AC /* Main.storyboard */,
			);
			path = Storyboards;
			sourceTree = "<group>";
		};
		BF748EDD20806F6400F2C5AC /* Extensions */ = {
			isa = PBXGroup;
			children = (
			);
			path = Extensions;
			sourceTree = "<group>";
		};
		BF748EDE20806F8900F2C5AC /* Customs */ = {
			isa = PBXGroup;
			children = (
			);
			path = Customs;
			sourceTree = "<group>";
		};
		BF748EE120817A2300F2C5AC /* Helpers */ = {
			isa = PBXGroup;
			children = (
				BF748EF920817EB800F2C5AC /* ReadCSV.swift */,
			);
			path = Helpers;
			sourceTree = "<group>";
		};
		BF748EE220817A5C00F2C5AC /* AAInfographics */ = {
			isa = PBXGroup;
			children = (
				BF748EE320817A5C00F2C5AC /* AAJSFiles */,
				BF748EEA20817A5C00F2C5AC /* AAChartCreator */,
			);
			path = AAInfographics;
			sourceTree = "<group>";
		};
		BF748EE320817A5C00F2C5AC /* AAJSFiles */ = {
			isa = PBXGroup;
			children = (
				BF748EE420817A5C00F2C5AC /* AAHighchartsLib.js */,
				BF748EE520817A5C00F2C5AC /* AAHighchartsMore.js */,
				BF748EE620817A5C00F2C5AC /* AAOptionsConstructor.js */,
				BF748EE720817A5C00F2C5AC /* AAFunnel.js */,
				BF748EE820817A5C00F2C5AC /* AAHighcharts-3d.js */,
				BF748EE920817A5C00F2C5AC /* AAChartView.html */,
			);
			path = AAJSFiles;
			sourceTree = "<group>";
		};
		BF748EEA20817A5C00F2C5AC /* AAChartCreator */ = {
			isa = PBXGroup;
			children = (
				BF748EEB20817A5C00F2C5AC /* AAChartView.swift */,
				BF748EEC20817A5C00F2C5AC /* AAChartModel.swift */,
				BF748EED20817A5C00F2C5AC /* AASerializable.swift */,
				BF748EEE20817A5C00F2C5AC /* AASeriesElement.swift */,
			);
			path = AAChartCreator;
			sourceTree = "<group>";
		};
		BF748EFB2081844000F2C5AC /* CSVs */ = {
			isa = PBXGroup;
			children = (
				BF7C25112081C87800F4C902 /* webdesigner.csv */,
				BF7C250F2081C7D400F4C902 /* webdevelopment.csv */,
				BFFF99BC2081BCD1005D3C30 /* webdeveloper.csv */,
				BFFF99BA2081BBD9005D3C30 /* developer.csv */,
				BF748EFC2081844000F2C5AC /* mobilephoto.csv */,
			);
			path = CSVs;
			sourceTree = "<group>";
		};
/* End PBXGroup section */

/* Begin PBXNativeTarget section */
		BF748EB72080233200F2C5AC /* Pop Tag */ = {
			isa = PBXNativeTarget;
			buildConfigurationList = BF748ECA2080233200F2C5AC /* Build configuration list for PBXNativeTarget "Pop Tag" */;
			buildPhases = (
				BF748EB42080233200F2C5AC /* Sources */,
				BF748EB52080233200F2C5AC /* Frameworks */,
				BF748EB62080233200F2C5AC /* Resources */,
			);
			buildRules = (
			);
			dependencies = (
			);
			name = "Pop Tag";
			productName = "Pop Tag";
			productReference = BF748EB82080233200F2C5AC /* Pop Tag.app */;
			productType = "com.apple.product-type.application";
		};
/* End PBXNativeTarget section */

/* Begin PBXProject section */
		BF748EB02080233200F2C5AC /* Project object */ = {
			isa = PBXProject;
			attributes = {
				LastSwiftUpdateCheck = 0920;
				LastUpgradeCheck = 0920;
				ORGANIZATIONNAME = "Kaichi Momose";
				TargetAttributes = {
					BF748EB72080233200F2C5AC = {
						CreatedOnToolsVersion = 9.2;
						ProvisioningStyle = Automatic;
					};
				};
			};
			buildConfigurationList = BF748EB32080233200F2C5AC /* Build configuration list for PBXProject "Pop Tag" */;
			compatibilityVersion = "Xcode 8.0";
			developmentRegion = en;
			hasScannedForEncodings = 0;
			knownRegions = (
				en,
				Base,
			);
			mainGroup = BF748EAF2080233200F2C5AC;
			productRefGroup = BF748EB92080233200F2C5AC /* Products */;
			projectDirPath = "";
			projectRoot = "";
			targets = (
				BF748EB72080233200F2C5AC /* Pop Tag */,
			);
		};
/* End PBXProject section */

/* Begin PBXResourcesBuildPhase section */
		BF748EB62080233200F2C5AC /* Resources */ = {
			isa = PBXResourcesBuildPhase;
			buildActionMask = 2147483647;
			files = (
				BF7C25122081C87800F4C902 /* webdesigner.csv in Resources */,
				BF748EF320817A5C00F2C5AC /* AAHighcharts-3d.js in Resources */,
				BF748EF120817A5C00F2C5AC /* AAOptionsConstructor.js in Resources */,
				BF748EF420817A5C00F2C5AC /* AAChartView.html in Resources */,
				BF748EDC208039D000F2C5AC /* LaunchScreen.storyboard in Resources */,
				BF748EC32080233200F2C5AC /* Assets.xcassets in Resources */,
				BF748ED5208028FE00F2C5AC /* Main.storyboard in Resources */,
				BF748EF220817A5C00F2C5AC /* AAFunnel.js in Resources */,
				BF748EFD2081844000F2C5AC /* mobilephoto.csv in Resources */,
				BF7C25102081C7D400F4C902 /* webdevelopment.csv in Resources */,
				BF748EEF20817A5C00F2C5AC /* AAHighchartsLib.js in Resources */,
				BFFF99BB2081BBD9005D3C30 /* developer.csv in Resources */,
				BFFF99BD2081BCD1005D3C30 /* webdeveloper.csv in Resources */,
				BF748EF020817A5C00F2C5AC /* AAHighchartsMore.js in Resources */,
			);
			runOnlyForDeploymentPostprocessing = 0;
		};
/* End PBXResourcesBuildPhase section */

/* Begin PBXSourcesBuildPhase section */
		BF748EB42080233200F2C5AC /* Sources */ = {
			isa = PBXSourcesBuildPhase;
			buildActionMask = 2147483647;
			files = (
				BF748EFA20817EB800F2C5AC /* ReadCSV.swift in Sources */,
				BF748EF720817A5C00F2C5AC /* AASerializable.swift in Sources */,
				BF748ED92080356000F2C5AC /* ChartTableViewCell.swift in Sources */,
				BF748EF820817A5C00F2C5AC /* AASeriesElement.swift in Sources */,
				BF748EF620817A5C00F2C5AC /* AAChartModel.swift in Sources */,
				BF748ED720802A0300F2C5AC /* HashTagChartViewController.swift in Sources */,
				BF748EBC2080233200F2C5AC /* AppDelegate.swift in Sources */,
				BF748EF520817A5C00F2C5AC /* AAChartView.swift in Sources */,
			);
			runOnlyForDeploymentPostprocessing = 0;
		};
/* End PBXSourcesBuildPhase section */

/* Begin PBXVariantGroup section */
		BF748ED2208028FE00F2C5AC /* Main.storyboard */ = {
			isa = PBXVariantGroup;
			children = (
				BF748ED3208028FE00F2C5AC /* Base */,
			);
			name = Main.storyboard;
			sourceTree = "<group>";
		};
		BF748EDA208039D000F2C5AC /* LaunchScreen.storyboard */ = {
			isa = PBXVariantGroup;
			children = (
				BF748EDB208039D000F2C5AC /* Base */,
			);
			name = LaunchScreen.storyboard;
			sourceTree = "<group>";
		};
/* End PBXVariantGroup section */

/* Begin XCBuildConfiguration section */
		BF748EC82080233200F2C5AC /* Debug */ = {
			isa = XCBuildConfiguration;
			buildSettings = {
				ALWAYS_SEARCH_USER_PATHS = NO;
				CLANG_ANALYZER_NONNULL = YES;
				CLANG_ANALYZER_NUMBER_OBJECT_CONVERSION = YES_AGGRESSIVE;
				CLANG_CXX_LANGUAGE_STANDARD = "gnu++14";
				CLANG_CXX_LIBRARY = "libc++";
				CLANG_ENABLE_MODULES = YES;
				CLANG_ENABLE_OBJC_ARC = YES;
				CLANG_WARN_BLOCK_CAPTURE_AUTORELEASING = YES;
				CLANG_WARN_BOOL_CONVERSION = YES;
				CLANG_WARN_COMMA = YES;
				CLANG_WARN_CONSTANT_CONVERSION = YES;
				CLANG_WARN_DIRECT_OBJC_ISA_USAGE = YES_ERROR;
				CLANG_WARN_DOCUMENTATION_COMMENTS = YES;
				CLANG_WARN_EMPTY_BODY = YES;
				CLANG_WARN_ENUM_CONVERSION = YES;
				CLANG_WARN_INFINITE_RECURSION = YES;
				CLANG_WARN_INT_CONVERSION = YES;
				CLANG_WARN_NON_LITERAL_NULL_CONVERSION = YES;
				CLANG_WARN_OBJC_LITERAL_CONVERSION = YES;
				CLANG_WARN_OBJC_ROOT_CLASS = YES_ERROR;
				CLANG_WARN_RANGE_LOOP_ANALYSIS = YES;
				CLANG_WARN_STRICT_PROTOTYPES = YES;
				CLANG_WARN_SUSPICIOUS_MOVE = YES;
				CLANG_WARN_UNGUARDED_AVAILABILITY = YES_AGGRESSIVE;
				CLANG_WARN_UNREACHABLE_CODE = YES;
				CLANG_WARN__DUPLICATE_METHOD_MATCH = YES;
				CODE_SIGN_IDENTITY = "iPhone Developer";
				COPY_PHASE_STRIP = NO;
				DEBUG_INFORMATION_FORMAT = dwarf;
				ENABLE_STRICT_OBJC_MSGSEND = YES;
				ENABLE_TESTABILITY = YES;
				GCC_C_LANGUAGE_STANDARD = gnu11;
				GCC_DYNAMIC_NO_PIC = NO;
				GCC_NO_COMMON_BLOCKS = YES;
				GCC_OPTIMIZATION_LEVEL = 0;
				GCC_PREPROCESSOR_DEFINITIONS = (
					"DEBUG=1",
					"$(inherited)",
				);
				GCC_WARN_64_TO_32_BIT_CONVERSION = YES;
				GCC_WARN_ABOUT_RETURN_TYPE = YES_ERROR;
				GCC_WARN_UNDECLARED_SELECTOR = YES;
				GCC_WARN_UNINITIALIZED_AUTOS = YES_AGGRESSIVE;
				GCC_WARN_UNUSED_FUNCTION = YES;
				GCC_WARN_UNUSED_VARIABLE = YES;
				IPHONEOS_DEPLOYMENT_TARGET = 11.2;
				MTL_ENABLE_DEBUG_INFO = YES;
				ONLY_ACTIVE_ARCH = YES;
				SDKROOT = iphoneos;
				SWIFT_ACTIVE_COMPILATION_CONDITIONS = DEBUG;
				SWIFT_OPTIMIZATION_LEVEL = "-Onone";
			};
			name = Debug;
		};
		BF748EC92080233200F2C5AC /* Release */ = {
			isa = XCBuildConfiguration;
			buildSettings = {
				ALWAYS_SEARCH_USER_PATHS = NO;
				CLANG_ANALYZER_NONNULL = YES;
				CLANG_ANALYZER_NUMBER_OBJECT_CONVERSION = YES_AGGRESSIVE;
				CLANG_CXX_LANGUAGE_STANDARD = "gnu++14";
				CLANG_CXX_LIBRARY = "libc++";
				CLANG_ENABLE_MODULES = YES;
				CLANG_ENABLE_OBJC_ARC = YES;
				CLANG_WARN_BLOCK_CAPTURE_AUTORELEASING = YES;
				CLANG_WARN_BOOL_CONVERSION = YES;
				CLANG_WARN_COMMA = YES;
				CLANG_WARN_CONSTANT_CONVERSION = YES;
				CLANG_WARN_DIRECT_OBJC_ISA_USAGE = YES_ERROR;
				CLANG_WARN_DOCUMENTATION_COMMENTS = YES;
				CLANG_WARN_EMPTY_BODY = YES;
				CLANG_WARN_ENUM_CONVERSION = YES;
				CLANG_WARN_INFINITE_RECURSION = YES;
				CLANG_WARN_INT_CONVERSION = YES;
				CLANG_WARN_NON_LITERAL_NULL_CONVERSION = YES;
				CLANG_WARN_OBJC_LITERAL_CONVERSION = YES;
				CLANG_WARN_OBJC_ROOT_CLASS = YES_ERROR;
				CLANG_WARN_RANGE_LOOP_ANALYSIS = YES;
				CLANG_WARN_STRICT_PROTOTYPES = YES;
				CLANG_WARN_SUSPICIOUS_MOVE = YES;
				CLANG_WARN_UNGUARDED_AVAILABILITY = YES_AGGRESSIVE;
				CLANG_WARN_UNREACHABLE_CODE = YES;
				CLANG_WARN__DUPLICATE_METHOD_MATCH = YES;
				CODE_SIGN_IDENTITY = "iPhone Developer";
				COPY_PHASE_STRIP = NO;
				DEBUG_INFORMATION_FORMAT = "dwarf-with-dsym";
				ENABLE_NS_ASSERTIONS = NO;
				ENABLE_STRICT_OBJC_MSGSEND = YES;
				GCC_C_LANGUAGE_STANDARD = gnu11;
				GCC_NO_COMMON_BLOCKS = YES;
				GCC_WARN_64_TO_32_BIT_CONVERSION = YES;
				GCC_WARN_ABOUT_RETURN_TYPE = YES_ERROR;
				GCC_WARN_UNDECLARED_SELECTOR = YES;
				GCC_WARN_UNINITIALIZED_AUTOS = YES_AGGRESSIVE;
				GCC_WARN_UNUSED_FUNCTION = YES;
				GCC_WARN_UNUSED_VARIABLE = YES;
				IPHONEOS_DEPLOYMENT_TARGET = 11.2;
				MTL_ENABLE_DEBUG_INFO = NO;
				SDKROOT = iphoneos;
				SWIFT_OPTIMIZATION_LEVEL = "-Owholemodule";
				VALIDATE_PRODUCT = YES;
			};
			name = Release;
		};
		BF748ECB2080233200F2C5AC /* Debug */ = {
			isa = XCBuildConfiguration;
			buildSettings = {
				ASSETCATALOG_COMPILER_APPICON_NAME = AppIcon;
				CODE_SIGN_STYLE = Automatic;
				DEVELOPMENT_TEAM = CGUE68EN3T;
				INFOPLIST_FILE = "Pop Tag/Info.plist";
				LD_RUNPATH_SEARCH_PATHS = "$(inherited) @executable_path/Frameworks";
				PRODUCT_BUNDLE_IDENTIFIER = "com.melody-kaichi.Pop-Tag";
				PRODUCT_NAME = "$(TARGET_NAME)";
				SWIFT_VERSION = 4.0;
				TARGETED_DEVICE_FAMILY = "1,2";
			};
			name = Debug;
		};
		BF748ECC2080233200F2C5AC /* Release */ = {
			isa = XCBuildConfiguration;
			buildSettings = {
				ASSETCATALOG_COMPILER_APPICON_NAME = AppIcon;
				CODE_SIGN_STYLE = Automatic;
				DEVELOPMENT_TEAM = CGUE68EN3T;
				INFOPLIST_FILE = "Pop Tag/Info.plist";
				LD_RUNPATH_SEARCH_PATHS = "$(inherited) @executable_path/Frameworks";
				PRODUCT_BUNDLE_IDENTIFIER = "com.melody-kaichi.Pop-Tag";
				PRODUCT_NAME = "$(TARGET_NAME)";
				SWIFT_VERSION = 4.0;
				TARGETED_DEVICE_FAMILY = "1,2";
			};
			name = Release;
		};
/* End XCBuildConfiguration section */

/* Begin XCConfigurationList section */
		BF748EB32080233200F2C5AC /* Build configuration list for PBXProject "Pop Tag" */ = {
			isa = XCConfigurationList;
			buildConfigurations = (
				BF748EC82080233200F2C5AC /* Debug */,
				BF748EC92080233200F2C5AC /* Release */,
			);
			defaultConfigurationIsVisible = 0;
			defaultConfigurationName = Release;
		};
		BF748ECA2080233200F2C5AC /* Build configuration list for PBXNativeTarget "Pop Tag" */ = {
			isa = XCConfigurationList;
			buildConfigurations = (
				BF748ECB2080233200F2C5AC /* Debug */,
				BF748ECC2080233200F2C5AC /* Release */,
			);
			defaultConfigurationIsVisible = 0;
			defaultConfigurationName = Release;
		};
/* End XCConfigurationList section */
	};
	rootObject = BF748EB02080233200F2C5AC /* Project object */;
}
